// !$*UTF8*$!
{
	archiveVersion = 1;
	classes = {
	};
	objectVersion = 46;
	objects = {

/* Begin PBXBuildFile section */
		29E8827D40C271623E0F99AF /* libPods-BaiSiBuDeJieTests.a in Frameworks */ = {isa = PBXBuildFile; fileRef = 3263720515D60F6FA34FFA37 /* libPods-BaiSiBuDeJieTests.a */; };
		3A8F07EA5CF02BAF3774719B /* libPods-BaiSiBuDeJie.a in Frameworks */ = {isa = PBXBuildFile; fileRef = 9FE6BCD6790A95E540B87982 /* libPods-BaiSiBuDeJie.a */; };
		A57FADAB60914293439CF6EF /* libPods-BaiSiBuDeJieUITests.a in Frameworks */ = {isa = PBXBuildFile; fileRef = 875112666793A6C47053A7BB /* libPods-BaiSiBuDeJieUITests.a */; };
		B8091B0B1DB7B4E8007839CD /* SubTagViewController.m in Sources */ = {isa = PBXBuildFile; fileRef = B8091B0A1DB7B4E8007839CD /* SubTagViewController.m */; };
		B8091B0E1DB7B656007839CD /* HTTPRequestTool.m in Sources */ = {isa = PBXBuildFile; fileRef = B8091B0D1DB7B656007839CD /* HTTPRequestTool.m */; };
		B8091B111DB7B753007839CD /* NotificationAndConstant.m in Sources */ = {isa = PBXBuildFile; fileRef = B8091B101DB7B753007839CD /* NotificationAndConstant.m */; };
		B8693D121DB5E58100C570FA /* main.m in Sources */ = {isa = PBXBuildFile; fileRef = B8693D111DB5E58100C570FA /* main.m */; };
		B8693D151DB5E58100C570FA /* AppDelegate.m in Sources */ = {isa = PBXBuildFile; fileRef = B8693D141DB5E58100C570FA /* AppDelegate.m */; };
		B8693D181DB5E58100C570FA /* ViewController.m in Sources */ = {isa = PBXBuildFile; fileRef = B8693D171DB5E58100C570FA /* ViewController.m */; };
		B8693D1B1DB5E58100C570FA /* Main.storyboard in Resources */ = {isa = PBXBuildFile; fileRef = B8693D191DB5E58100C570FA /* Main.storyboard */; };
		B8693D1D1DB5E58100C570FA /* Assets.xcassets in Resources */ = {isa = PBXBuildFile; fileRef = B8693D1C1DB5E58100C570FA /* Assets.xcassets */; };
		B8693D201DB5E58100C570FA /* LaunchScreen.storyboard in Resources */ = {isa = PBXBuildFile; fileRef = B8693D1E1DB5E58100C570FA /* LaunchScreen.storyboard */; };
		B8693D2B1DB5E58100C570FA /* BaiSiBuDeJieTests.m in Sources */ = {isa = PBXBuildFile; fileRef = B8693D2A1DB5E58100C570FA /* BaiSiBuDeJieTests.m */; };
		B8693D361DB5E58200C570FA /* BaiSiBuDeJieUITests.m in Sources */ = {isa = PBXBuildFile; fileRef = B8693D351DB5E58200C570FA /* BaiSiBuDeJieUITests.m */; };
		B8693D691DB5F23B00C570FA /* EssenceViewController.m in Sources */ = {isa = PBXBuildFile; fileRef = B8693D681DB5F23B00C570FA /* EssenceViewController.m */; };
		B8693D6C1DB5F24B00C570FA /* FriendTrendViewController.m in Sources */ = {isa = PBXBuildFile; fileRef = B8693D6B1DB5F24B00C570FA /* FriendTrendViewController.m */; };
		B8693D6F1DB5F25700C570FA /* MeViewController.m in Sources */ = {isa = PBXBuildFile; fileRef = B8693D6E1DB5F25700C570FA /* MeViewController.m */; };
		B8693D721DB5F26100C570FA /* NewViewController.m in Sources */ = {isa = PBXBuildFile; fileRef = B8693D711DB5F26100C570FA /* NewViewController.m */; };
		B8693D751DB5F26F00C570FA /* PublishViewController.m in Sources */ = {isa = PBXBuildFile; fileRef = B8693D741DB5F26F00C570FA /* PublishViewController.m */; };
		B8693D781DB5F28D00C570FA /* MyTabBarController.m in Sources */ = {isa = PBXBuildFile; fileRef = B8693D771DB5F28D00C570FA /* MyTabBarController.m */; };
		B8693D7B1DB5F2A100C570FA /* MyNavigationController.m in Sources */ = {isa = PBXBuildFile; fileRef = B8693D7A1DB5F2A100C570FA /* MyNavigationController.m */; };
		B8693D7E1DB6042900C570FA /* MyTabBar.m in Sources */ = {isa = PBXBuildFile; fileRef = B8693D7D1DB6042900C570FA /* MyTabBar.m */; };
		B8693D821DB6089800C570FA /* UIView+Size.m in Sources */ = {isa = PBXBuildFile; fileRef = B8693D811DB6089800C570FA /* UIView+Size.m */; };
		B8693D861DB6560500C570FA /* UIBarButtonItem+Item.m in Sources */ = {isa = PBXBuildFile; fileRef = B8693D851DB6560500C570FA /* UIBarButtonItem+Item.m */; };
		B8693D8E1DB6787A00C570FA /* SettingViewController.m in Sources */ = {isa = PBXBuildFile; fileRef = B8693D8D1DB6787A00C570FA /* SettingViewController.m */; };
		B87030641DB7C1B60018D6E5 /* BaseModel.m in Sources */ = {isa = PBXBuildFile; fileRef = B87030631DB7C1B60018D6E5 /* BaseModel.m */; };
		B87030671DB7C1C90018D6E5 /* SubTagModel.m in Sources */ = {isa = PBXBuildFile; fileRef = B87030661DB7C1C90018D6E5 /* SubTagModel.m */; };
		B870306B1DB7C3990018D6E5 /* SubTagCell.m in Sources */ = {isa = PBXBuildFile; fileRef = B87030691DB7C3990018D6E5 /* SubTagCell.m */; };
		B870306C1DB7C3990018D6E5 /* SubTagCell.xib in Resources */ = {isa = PBXBuildFile; fileRef = B870306A1DB7C3990018D6E5 /* SubTagCell.xib */; };
		B887429B1DB725AD00C84D4F /* AdViewController.m in Sources */ = {isa = PBXBuildFile; fileRef = B887429A1DB725AD00C84D4F /* AdViewController.m */; };
		B887429D1DB725D900C84D4F /* AdViewController.xib in Resources */ = {isa = PBXBuildFile; fileRef = B887429C1DB725D900C84D4F /* AdViewController.xib */; };
		B88742A61DB7344300C84D4F /* LaunchImage-568h@2x.png in Resources */ = {isa = PBXBuildFile; fileRef = B887429F1DB7344300C84D4F /* LaunchImage-568h@2x.png */; };
		B88742A71DB7344300C84D4F /* LaunchImage-700-568h@2x.png in Resources */ = {isa = PBXBuildFile; fileRef = B88742A01DB7344300C84D4F /* LaunchImage-700-568h@2x.png */; };
		B88742A81DB7344300C84D4F /* LaunchImage-700@2x.png in Resources */ = {isa = PBXBuildFile; fileRef = B88742A11DB7344300C84D4F /* LaunchImage-700@2x.png */; };
		B88742A91DB7344300C84D4F /* LaunchImage-800-667h@2x.png in Resources */ = {isa = PBXBuildFile; fileRef = B88742A21DB7344300C84D4F /* LaunchImage-800-667h@2x.png */; };
		B88742AA1DB7344300C84D4F /* LaunchImage-800-Portrait-736h@3x.png in Resources */ = {isa = PBXBuildFile; fileRef = B88742A31DB7344300C84D4F /* LaunchImage-800-Portrait-736h@3x.png */; };
		B88742AB1DB7344300C84D4F /* LaunchImage.png in Resources */ = {isa = PBXBuildFile; fileRef = B88742A41DB7344300C84D4F /* LaunchImage.png */; };
		B88742AC1DB7344300C84D4F /* LaunchImage@2x.png in Resources */ = {isa = PBXBuildFile; fileRef = B88742A51DB7344300C84D4F /* LaunchImage@2x.png */; };
		B8C364DC1DB8681C0018A472 /* FriendTrendViewController.xib in Resources */ = {isa = PBXBuildFile; fileRef = B8C364DB1DB8681C0018A472 /* FriendTrendViewController.xib */; };
/* End PBXBuildFile section */

/* Begin PBXContainerItemProxy section */
		B8693D271DB5E58100C570FA /* PBXContainerItemProxy */ = {
			isa = PBXContainerItemProxy;
			containerPortal = B8693D051DB5E58100C570FA /* Project object */;
			proxyType = 1;
			remoteGlobalIDString = B8693D0C1DB5E58100C570FA;
			remoteInfo = BaiSiBuDeJie;
		};
		B8693D321DB5E58100C570FA /* PBXContainerItemProxy */ = {
			isa = PBXContainerItemProxy;
			containerPortal = B8693D051DB5E58100C570FA /* Project object */;
			proxyType = 1;
			remoteGlobalIDString = B8693D0C1DB5E58100C570FA;
			remoteInfo = BaiSiBuDeJie;
		};
/* End PBXContainerItemProxy section */

/* Begin PBXFileReference section */
		055CA09E4DE558A63B88DE9D /* Pods-BaiSiBuDeJieTests.debug.xcconfig */ = {isa = PBXFileReference; includeInIndex = 1; lastKnownFileType = text.xcconfig; name = "Pods-BaiSiBuDeJieTests.debug.xcconfig"; path = "Pods/Target Support Files/Pods-BaiSiBuDeJieTests/Pods-BaiSiBuDeJieTests.debug.xcconfig"; sourceTree = "<group>"; };
		11BBB7467E1BCB99FBC839BA /* Pods-BaiSiBuDeJieUITests.release.xcconfig */ = {isa = PBXFileReference; includeInIndex = 1; lastKnownFileType = text.xcconfig; name = "Pods-BaiSiBuDeJieUITests.release.xcconfig"; path = "Pods/Target Support Files/Pods-BaiSiBuDeJieUITests/Pods-BaiSiBuDeJieUITests.release.xcconfig"; sourceTree = "<group>"; };
		3263720515D60F6FA34FFA37 /* libPods-BaiSiBuDeJieTests.a */ = {isa = PBXFileReference; explicitFileType = archive.ar; includeInIndex = 0; path = "libPods-BaiSiBuDeJieTests.a"; sourceTree = BUILT_PRODUCTS_DIR; };
		4DEC1831F603B8B57F803451 /* Pods-BaiSiBuDeJieTests.release.xcconfig */ = {isa = PBXFileReference; includeInIndex = 1; lastKnownFileType = text.xcconfig; name = "Pods-BaiSiBuDeJieTests.release.xcconfig"; path = "Pods/Target Support Files/Pods-BaiSiBuDeJieTests/Pods-BaiSiBuDeJieTests.release.xcconfig"; sourceTree = "<group>"; };
		875112666793A6C47053A7BB /* libPods-BaiSiBuDeJieUITests.a */ = {isa = PBXFileReference; explicitFileType = archive.ar; includeInIndex = 0; path = "libPods-BaiSiBuDeJieUITests.a"; sourceTree = BUILT_PRODUCTS_DIR; };
		9FE6BCD6790A95E540B87982 /* libPods-BaiSiBuDeJie.a */ = {isa = PBXFileReference; explicitFileType = archive.ar; includeInIndex = 0; path = "libPods-BaiSiBuDeJie.a"; sourceTree = BUILT_PRODUCTS_DIR; };
		A5B8EC20B72764F2C1710BDF /* Pods-BaiSiBuDeJieUITests.debug.xcconfig */ = {isa = PBXFileReference; includeInIndex = 1; lastKnownFileType = text.xcconfig; name = "Pods-BaiSiBuDeJieUITests.debug.xcconfig"; path = "Pods/Target Support Files/Pods-BaiSiBuDeJieUITests/Pods-BaiSiBuDeJieUITests.debug.xcconfig"; sourceTree = "<group>"; };
		B8091B091DB7B4E8007839CD /* SubTagViewController.h */ = {isa = PBXFileReference; fileEncoding = 4; lastKnownFileType = sourcecode.c.h; path = SubTagViewController.h; sourceTree = "<group>"; };
		B8091B0A1DB7B4E8007839CD /* SubTagViewController.m */ = {isa = PBXFileReference; fileEncoding = 4; lastKnownFileType = sourcecode.c.objc; path = SubTagViewController.m; sourceTree = "<group>"; };
		B8091B0C1DB7B656007839CD /* HTTPRequestTool.h */ = {isa = PBXFileReference; fileEncoding = 4; lastKnownFileType = sourcecode.c.h; path = HTTPRequestTool.h; sourceTree = "<group>"; };
		B8091B0D1DB7B656007839CD /* HTTPRequestTool.m */ = {isa = PBXFileReference; fileEncoding = 4; lastKnownFileType = sourcecode.c.objc; path = HTTPRequestTool.m; sourceTree = "<group>"; };
		B8091B0F1DB7B753007839CD /* NotificationAndConstant.h */ = {isa = PBXFileReference; fileEncoding = 4; lastKnownFileType = sourcecode.c.h; path = NotificationAndConstant.h; sourceTree = "<group>"; };
		B8091B101DB7B753007839CD /* NotificationAndConstant.m */ = {isa = PBXFileReference; fileEncoding = 4; lastKnownFileType = sourcecode.c.objc; path = NotificationAndConstant.m; sourceTree = "<group>"; };
		B8693D0D1DB5E58100C570FA /* BaiSiBuDeJie.app */ = {isa = PBXFileReference; explicitFileType = wrapper.application; includeInIndex = 0; path = BaiSiBuDeJie.app; sourceTree = BUILT_PRODUCTS_DIR; };
		B8693D111DB5E58100C570FA /* main.m */ = {isa = PBXFileReference; lastKnownFileType = sourcecode.c.objc; path = main.m; sourceTree = "<group>"; };
		B8693D131DB5E58100C570FA /* AppDelegate.h */ = {isa = PBXFileReference; lastKnownFileType = sourcecode.c.h; path = AppDelegate.h; sourceTree = "<group>"; };
		B8693D141DB5E58100C570FA /* AppDelegate.m */ = {isa = PBXFileReference; lastKnownFileType = sourcecode.c.objc; path = AppDelegate.m; sourceTree = "<group>"; };
		B8693D161DB5E58100C570FA /* ViewController.h */ = {isa = PBXFileReference; lastKnownFileType = sourcecode.c.h; path = ViewController.h; sourceTree = "<group>"; };
		B8693D171DB5E58100C570FA /* ViewController.m */ = {isa = PBXFileReference; lastKnownFileType = sourcecode.c.objc; path = ViewController.m; sourceTree = "<group>"; };
		B8693D1A1DB5E58100C570FA /* Base */ = {isa = PBXFileReference; lastKnownFileType = file.storyboard; name = Base; path = Base.lproj/Main.storyboard; sourceTree = "<group>"; };
		B8693D1C1DB5E58100C570FA /* Assets.xcassets */ = {isa = PBXFileReference; lastKnownFileType = folder.assetcatalog; path = Assets.xcassets; sourceTree = "<group>"; };
		B8693D1F1DB5E58100C570FA /* Base */ = {isa = PBXFileReference; lastKnownFileType = file.storyboard; name = Base; path = Base.lproj/LaunchScreen.storyboard; sourceTree = "<group>"; };
		B8693D211DB5E58100C570FA /* Info.plist */ = {isa = PBXFileReference; lastKnownFileType = text.plist.xml; path = Info.plist; sourceTree = "<group>"; };
		B8693D261DB5E58100C570FA /* BaiSiBuDeJieTests.xctest */ = {isa = PBXFileReference; explicitFileType = wrapper.cfbundle; includeInIndex = 0; path = BaiSiBuDeJieTests.xctest; sourceTree = BUILT_PRODUCTS_DIR; };
		B8693D2A1DB5E58100C570FA /* BaiSiBuDeJieTests.m */ = {isa = PBXFileReference; lastKnownFileType = sourcecode.c.objc; path = BaiSiBuDeJieTests.m; sourceTree = "<group>"; };
		B8693D2C1DB5E58100C570FA /* Info.plist */ = {isa = PBXFileReference; lastKnownFileType = text.plist.xml; path = Info.plist; sourceTree = "<group>"; };
		B8693D311DB5E58100C570FA /* BaiSiBuDeJieUITests.xctest */ = {isa = PBXFileReference; explicitFileType = wrapper.cfbundle; includeInIndex = 0; path = BaiSiBuDeJieUITests.xctest; sourceTree = BUILT_PRODUCTS_DIR; };
		B8693D351DB5E58200C570FA /* BaiSiBuDeJieUITests.m */ = {isa = PBXFileReference; lastKnownFileType = sourcecode.c.objc; path = BaiSiBuDeJieUITests.m; sourceTree = "<group>"; };
		B8693D371DB5E58200C570FA /* Info.plist */ = {isa = PBXFileReference; lastKnownFileType = text.plist.xml; path = Info.plist; sourceTree = "<group>"; };
		B8693D671DB5F23B00C570FA /* EssenceViewController.h */ = {isa = PBXFileReference; fileEncoding = 4; lastKnownFileType = sourcecode.c.h; path = EssenceViewController.h; sourceTree = "<group>"; };
		B8693D681DB5F23B00C570FA /* EssenceViewController.m */ = {isa = PBXFileReference; fileEncoding = 4; lastKnownFileType = sourcecode.c.objc; path = EssenceViewController.m; sourceTree = "<group>"; };
		B8693D6A1DB5F24B00C570FA /* FriendTrendViewController.h */ = {isa = PBXFileReference; fileEncoding = 4; lastKnownFileType = sourcecode.c.h; path = FriendTrendViewController.h; sourceTree = "<group>"; };
		B8693D6B1DB5F24B00C570FA /* FriendTrendViewController.m */ = {isa = PBXFileReference; fileEncoding = 4; lastKnownFileType = sourcecode.c.objc; path = FriendTrendViewController.m; sourceTree = "<group>"; };
		B8693D6D1DB5F25700C570FA /* MeViewController.h */ = {isa = PBXFileReference; fileEncoding = 4; lastKnownFileType = sourcecode.c.h; path = MeViewController.h; sourceTree = "<group>"; };
		B8693D6E1DB5F25700C570FA /* MeViewController.m */ = {isa = PBXFileReference; fileEncoding = 4; lastKnownFileType = sourcecode.c.objc; path = MeViewController.m; sourceTree = "<group>"; };
		B8693D701DB5F26100C570FA /* NewViewController.h */ = {isa = PBXFileReference; fileEncoding = 4; lastKnownFileType = sourcecode.c.h; path = NewViewController.h; sourceTree = "<group>"; };
		B8693D711DB5F26100C570FA /* NewViewController.m */ = {isa = PBXFileReference; fileEncoding = 4; lastKnownFileType = sourcecode.c.objc; path = NewViewController.m; sourceTree = "<group>"; };
		B8693D731DB5F26F00C570FA /* PublishViewController.h */ = {isa = PBXFileReference; fileEncoding = 4; lastKnownFileType = sourcecode.c.h; path = PublishViewController.h; sourceTree = "<group>"; };
		B8693D741DB5F26F00C570FA /* PublishViewController.m */ = {isa = PBXFileReference; fileEncoding = 4; lastKnownFileType = sourcecode.c.objc; path = PublishViewController.m; sourceTree = "<group>"; };
		B8693D761DB5F28D00C570FA /* MyTabBarController.h */ = {isa = PBXFileReference; fileEncoding = 4; lastKnownFileType = sourcecode.c.h; path = MyTabBarController.h; sourceTree = "<group>"; };
		B8693D771DB5F28D00C570FA /* MyTabBarController.m */ = {isa = PBXFileReference; fileEncoding = 4; lastKnownFileType = sourcecode.c.objc; path = MyTabBarController.m; sourceTree = "<group>"; };
		B8693D791DB5F2A100C570FA /* MyNavigationController.h */ = {isa = PBXFileReference; fileEncoding = 4; lastKnownFileType = sourcecode.c.h; path = MyNavigationController.h; sourceTree = "<group>"; };
		B8693D7A1DB5F2A100C570FA /* MyNavigationController.m */ = {isa = PBXFileReference; fileEncoding = 4; lastKnownFileType = sourcecode.c.objc; path = MyNavigationController.m; sourceTree = "<group>"; };
		B8693D7C1DB6042900C570FA /* MyTabBar.h */ = {isa = PBXFileReference; fileEncoding = 4; lastKnownFileType = sourcecode.c.h; path = MyTabBar.h; sourceTree = "<group>"; };
		B8693D7D1DB6042900C570FA /* MyTabBar.m */ = {isa = PBXFileReference; fileEncoding = 4; lastKnownFileType = sourcecode.c.objc; path = MyTabBar.m; sourceTree = "<group>"; };
		B8693D801DB6089800C570FA /* UIView+Size.h */ = {isa = PBXFileReference; fileEncoding = 4; lastKnownFileType = sourcecode.c.h; path = "UIView+Size.h"; sourceTree = "<group>"; };
		B8693D811DB6089800C570FA /* UIView+Size.m */ = {isa = PBXFileReference; fileEncoding = 4; lastKnownFileType = sourcecode.c.objc; path = "UIView+Size.m"; sourceTree = "<group>"; };
		B8693D831DB60B0E00C570FA /* BaiSiBuDeJie.pch */ = {isa = PBXFileReference; lastKnownFileType = sourcecode.c.h; path = BaiSiBuDeJie.pch; sourceTree = "<group>"; };
		B8693D841DB6560500C570FA /* UIBarButtonItem+Item.h */ = {isa = PBXFileReference; fileEncoding = 4; lastKnownFileType = sourcecode.c.h; path = "UIBarButtonItem+Item.h"; sourceTree = "<group>"; };
		B8693D851DB6560500C570FA /* UIBarButtonItem+Item.m */ = {isa = PBXFileReference; fileEncoding = 4; lastKnownFileType = sourcecode.c.objc; path = "UIBarButtonItem+Item.m"; sourceTree = "<group>"; };
		B8693D8C1DB6787A00C570FA /* SettingViewController.h */ = {isa = PBXFileReference; fileEncoding = 4; lastKnownFileType = sourcecode.c.h; path = SettingViewController.h; sourceTree = "<group>"; };
		B8693D8D1DB6787A00C570FA /* SettingViewController.m */ = {isa = PBXFileReference; fileEncoding = 4; lastKnownFileType = sourcecode.c.objc; path = SettingViewController.m; sourceTree = "<group>"; };
		B87030621DB7C1B60018D6E5 /* BaseModel.h */ = {isa = PBXFileReference; fileEncoding = 4; lastKnownFileType = sourcecode.c.h; path = BaseModel.h; sourceTree = "<group>"; };
		B87030631DB7C1B60018D6E5 /* BaseModel.m */ = {isa = PBXFileReference; fileEncoding = 4; lastKnownFileType = sourcecode.c.objc; path = BaseModel.m; sourceTree = "<group>"; };
		B87030651DB7C1C90018D6E5 /* SubTagModel.h */ = {isa = PBXFileReference; fileEncoding = 4; lastKnownFileType = sourcecode.c.h; path = SubTagModel.h; sourceTree = "<group>"; };
		B87030661DB7C1C90018D6E5 /* SubTagModel.m */ = {isa = PBXFileReference; fileEncoding = 4; lastKnownFileType = sourcecode.c.objc; path = SubTagModel.m; sourceTree = "<group>"; };
		B87030681DB7C3990018D6E5 /* SubTagCell.h */ = {isa = PBXFileReference; fileEncoding = 4; lastKnownFileType = sourcecode.c.h; path = SubTagCell.h; sourceTree = "<group>"; };
		B87030691DB7C3990018D6E5 /* SubTagCell.m */ = {isa = PBXFileReference; fileEncoding = 4; lastKnownFileType = sourcecode.c.objc; path = SubTagCell.m; sourceTree = "<group>"; };
		B870306A1DB7C3990018D6E5 /* SubTagCell.xib */ = {isa = PBXFileReference; fileEncoding = 4; lastKnownFileType = file.xib; path = SubTagCell.xib; sourceTree = "<group>"; };
		B88742991DB725AD00C84D4F /* AdViewController.h */ = {isa = PBXFileReference; fileEncoding = 4; lastKnownFileType = sourcecode.c.h; path = AdViewController.h; sourceTree = "<group>"; };
		B887429A1DB725AD00C84D4F /* AdViewController.m */ = {isa = PBXFileReference; fileEncoding = 4; lastKnownFileType = sourcecode.c.objc; path = AdViewController.m; sourceTree = "<group>"; };
		B887429C1DB725D900C84D4F /* AdViewController.xib */ = {isa = PBXFileReference; fileEncoding = 4; lastKnownFileType = file.xib; path = AdViewController.xib; sourceTree = "<group>"; };
		B887429F1DB7344300C84D4F /* LaunchImage-568h@2x.png */ = {isa = PBXFileReference; lastKnownFileType = image.png; path = "LaunchImage-568h@2x.png"; sourceTree = "<group>"; };
		B88742A01DB7344300C84D4F /* LaunchImage-700-568h@2x.png */ = {isa = PBXFileReference; lastKnownFileType = image.png; path = "LaunchImage-700-568h@2x.png"; sourceTree = "<group>"; };
		B88742A11DB7344300C84D4F /* LaunchImage-700@2x.png */ = {isa = PBXFileReference; lastKnownFileType = image.png; path = "LaunchImage-700@2x.png"; sourceTree = "<group>"; };
		B88742A21DB7344300C84D4F /* LaunchImage-800-667h@2x.png */ = {isa = PBXFileReference; lastKnownFileType = image.png; path = "LaunchImage-800-667h@2x.png"; sourceTree = "<group>"; };
		B88742A31DB7344300C84D4F /* LaunchImage-800-Portrait-736h@3x.png */ = {isa = PBXFileReference; lastKnownFileType = image.png; path = "LaunchImage-800-Portrait-736h@3x.png"; sourceTree = "<group>"; };
		B88742A41DB7344300C84D4F /* LaunchImage.png */ = {isa = PBXFileReference; lastKnownFileType = image.png; path = LaunchImage.png; sourceTree = "<group>"; };
		B88742A51DB7344300C84D4F /* LaunchImage@2x.png */ = {isa = PBXFileReference; lastKnownFileType = image.png; path = "LaunchImage@2x.png"; sourceTree = "<group>"; };
		B8C364DB1DB8681C0018A472 /* FriendTrendViewController.xib */ = {isa = PBXFileReference; fileEncoding = 4; lastKnownFileType = file.xib; path = FriendTrendViewController.xib; sourceTree = "<group>"; };
		CC88712036D496DC49B7CCAF /* Pods-BaiSiBuDeJie.debug.xcconfig */ = {isa = PBXFileReference; includeInIndex = 1; lastKnownFileType = text.xcconfig; name = "Pods-BaiSiBuDeJie.debug.xcconfig"; path = "Pods/Target Support Files/Pods-BaiSiBuDeJie/Pods-BaiSiBuDeJie.debug.xcconfig"; sourceTree = "<group>"; };
		FDF4A177DDEBE12F9A321085 /* Pods-BaiSiBuDeJie.release.xcconfig */ = {isa = PBXFileReference; includeInIndex = 1; lastKnownFileType = text.xcconfig; name = "Pods-BaiSiBuDeJie.release.xcconfig"; path = "Pods/Target Support Files/Pods-BaiSiBuDeJie/Pods-BaiSiBuDeJie.release.xcconfig"; sourceTree = "<group>"; };
/* End PBXFileReference section */

/* Begin PBXFrameworksBuildPhase section */
		B8693D0A1DB5E58100C570FA /* Frameworks */ = {
			isa = PBXFrameworksBuildPhase;
			buildActionMask = 2147483647;
			files = (
				3A8F07EA5CF02BAF3774719B /* libPods-BaiSiBuDeJie.a in Frameworks */,
			);
			runOnlyForDeploymentPostprocessing = 0;
		};
		B8693D231DB5E58100C570FA /* Frameworks */ = {
			isa = PBXFrameworksBuildPhase;
			buildActionMask = 2147483647;
			files = (
				29E8827D40C271623E0F99AF /* libPods-BaiSiBuDeJieTests.a in Frameworks */,
			);
			runOnlyForDeploymentPostprocessing = 0;
		};
		B8693D2E1DB5E58100C570FA /* Frameworks */ = {
			isa = PBXFrameworksBuildPhase;
			buildActionMask = 2147483647;
			files = (
				A57FADAB60914293439CF6EF /* libPods-BaiSiBuDeJieUITests.a in Frameworks */,
			);
			runOnlyForDeploymentPostprocessing = 0;
		};
/* End PBXFrameworksBuildPhase section */

/* Begin PBXGroup section */
		526907C54FFB38023FDC094B /* Pods */ = {
			isa = PBXGroup;
			children = (
				CC88712036D496DC49B7CCAF /* Pods-BaiSiBuDeJie.debug.xcconfig */,
				FDF4A177DDEBE12F9A321085 /* Pods-BaiSiBuDeJie.release.xcconfig */,
				055CA09E4DE558A63B88DE9D /* Pods-BaiSiBuDeJieTests.debug.xcconfig */,
				4DEC1831F603B8B57F803451 /* Pods-BaiSiBuDeJieTests.release.xcconfig */,
				A5B8EC20B72764F2C1710BDF /* Pods-BaiSiBuDeJieUITests.debug.xcconfig */,
				11BBB7467E1BCB99FBC839BA /* Pods-BaiSiBuDeJieUITests.release.xcconfig */,
			);
			name = Pods;
			sourceTree = "<group>";
		};
		A3FB8D670D135EAED5983533 /* Frameworks */ = {
			isa = PBXGroup;
			children = (
				9FE6BCD6790A95E540B87982 /* libPods-BaiSiBuDeJie.a */,
				3263720515D60F6FA34FFA37 /* libPods-BaiSiBuDeJieTests.a */,
				875112666793A6C47053A7BB /* libPods-BaiSiBuDeJieUITests.a */,
			);
			name = Frameworks;
			sourceTree = "<group>";
		};
		B8693D041DB5E58100C570FA = {
			isa = PBXGroup;
			children = (
				B8693D0F1DB5E58100C570FA /* BaiSiBuDeJie */,
				B8693D291DB5E58100C570FA /* BaiSiBuDeJieTests */,
				B8693D341DB5E58200C570FA /* BaiSiBuDeJieUITests */,
				B8693D0E1DB5E58100C570FA /* Products */,
				526907C54FFB38023FDC094B /* Pods */,
				A3FB8D670D135EAED5983533 /* Frameworks */,
			);
			sourceTree = "<group>";
		};
		B8693D0E1DB5E58100C570FA /* Products */ = {
			isa = PBXGroup;
			children = (
				B8693D0D1DB5E58100C570FA /* BaiSiBuDeJie.app */,
				B8693D261DB5E58100C570FA /* BaiSiBuDeJieTests.xctest */,
				B8693D311DB5E58100C570FA /* BaiSiBuDeJieUITests.xctest */,
			);
			name = Products;
			sourceTree = "<group>";
		};
		B8693D0F1DB5E58100C570FA /* BaiSiBuDeJie */ = {
			isa = PBXGroup;
			children = (
				B8693D431DB5F1F300C570FA /* Classes */,
				B8693D131DB5E58100C570FA /* AppDelegate.h */,
				B8693D141DB5E58100C570FA /* AppDelegate.m */,
				B8693D161DB5E58100C570FA /* ViewController.h */,
				B8693D171DB5E58100C570FA /* ViewController.m */,
				B8693D191DB5E58100C570FA /* Main.storyboard */,
				B8693D1C1DB5E58100C570FA /* Assets.xcassets */,
				B8693D1E1DB5E58100C570FA /* LaunchScreen.storyboard */,
				B8693D211DB5E58100C570FA /* Info.plist */,
				B8693D101DB5E58100C570FA /* Supporting Files */,
			);
			path = BaiSiBuDeJie;
			sourceTree = "<group>";
		};
		B8693D101DB5E58100C570FA /* Supporting Files */ = {
			isa = PBXGroup;
			children = (
				B887429E1DB7344300C84D4F /* 启动图片 */,
				B8693D111DB5E58100C570FA /* main.m */,
			);
			name = "Supporting Files";
			sourceTree = "<group>";
		};
		B8693D291DB5E58100C570FA /* BaiSiBuDeJieTests */ = {
			isa = PBXGroup;
			children = (
				B8693D2A1DB5E58100C570FA /* BaiSiBuDeJieTests.m */,
				B8693D2C1DB5E58100C570FA /* Info.plist */,
			);
			path = BaiSiBuDeJieTests;
			sourceTree = "<group>";
		};
		B8693D341DB5E58200C570FA /* BaiSiBuDeJieUITests */ = {
			isa = PBXGroup;
			children = (
				B8693D351DB5E58200C570FA /* BaiSiBuDeJieUITests.m */,
				B8693D371DB5E58200C570FA /* Info.plist */,
			);
			path = BaiSiBuDeJieUITests;
			sourceTree = "<group>";
		};
		B8693D431DB5F1F300C570FA /* Classes */ = {
			isa = PBXGroup;
			children = (
				B88742941DB724BB00C84D4F /* AD(广告) */,
				B8693D441DB5F1F300C570FA /* Essence(精华) */,
				B8693D491DB5F1F300C570FA /* FriendTrend(关注) */,
				B8693D4E1DB5F1F300C570FA /* Me(我) */,
				B8693D531DB5F1F300C570FA /* New(新帖) */,
				B8693D871DB6785200C570FA /* Setting(设置) */,
				B8693D581DB5F1F300C570FA /* Other(其他) */,
				B8693D5D1DB5F1F300C570FA /* Publish(发布) */,
				B8693D621DB5F1F300C570FA /* ThirdPart(第三方) */,
			);
			path = Classes;
			sourceTree = "<group>";
		};
		B8693D441DB5F1F300C570FA /* Essence(精华) */ = {
			isa = PBXGroup;
			children = (
				B8693D671DB5F23B00C570FA /* EssenceViewController.h */,
				B8693D681DB5F23B00C570FA /* EssenceViewController.m */,
				B8693D451DB5F1F300C570FA /* Controller */,
				B8693D461DB5F1F300C570FA /* Model */,
				B8693D471DB5F1F300C570FA /* Other */,
				B8693D481DB5F1F300C570FA /* View */,
			);
			path = "Essence(精华)";
			sourceTree = "<group>";
		};
		B8693D451DB5F1F300C570FA /* Controller */ = {
			isa = PBXGroup;
			children = (
			);
			path = Controller;
			sourceTree = "<group>";
		};
		B8693D461DB5F1F300C570FA /* Model */ = {
			isa = PBXGroup;
			children = (
			);
			path = Model;
			sourceTree = "<group>";
		};
		B8693D471DB5F1F300C570FA /* Other */ = {
			isa = PBXGroup;
			children = (
			);
			path = Other;
			sourceTree = "<group>";
		};
		B8693D481DB5F1F300C570FA /* View */ = {
			isa = PBXGroup;
			children = (
			);
			path = View;
			sourceTree = "<group>";
		};
		B8693D491DB5F1F300C570FA /* FriendTrend(关注) */ = {
			isa = PBXGroup;
			children = (
				B8693D6A1DB5F24B00C570FA /* FriendTrendViewController.h */,
				B8693D6B1DB5F24B00C570FA /* FriendTrendViewController.m */,
				B8C364DB1DB8681C0018A472 /* FriendTrendViewController.xib */,
				B8693D4A1DB5F1F300C570FA /* Controller */,
				B8693D4B1DB5F1F300C570FA /* Model */,
				B8693D4C1DB5F1F300C570FA /* Other */,
				B8693D4D1DB5F1F300C570FA /* View */,
			);
			path = "FriendTrend(关注)";
			sourceTree = "<group>";
		};
		B8693D4A1DB5F1F300C570FA /* Controller */ = {
			isa = PBXGroup;
			children = (
			);
			path = Controller;
			sourceTree = "<group>";
		};
		B8693D4B1DB5F1F300C570FA /* Model */ = {
			isa = PBXGroup;
			children = (
			);
			path = Model;
			sourceTree = "<group>";
		};
		B8693D4C1DB5F1F300C570FA /* Other */ = {
			isa = PBXGroup;
			children = (
			);
			path = Other;
			sourceTree = "<group>";
		};
		B8693D4D1DB5F1F300C570FA /* View */ = {
			isa = PBXGroup;
			children = (
			);
			path = View;
			sourceTree = "<group>";
		};
		B8693D4E1DB5F1F300C570FA /* Me(我) */ = {
			isa = PBXGroup;
			children = (
				B8693D6D1DB5F25700C570FA /* MeViewController.h */,
				B8693D6E1DB5F25700C570FA /* MeViewController.m */,
				B8693D4F1DB5F1F300C570FA /* Controller */,
				B8693D501DB5F1F300C570FA /* Model */,
				B8693D511DB5F1F300C570FA /* Other */,
				B8693D521DB5F1F300C570FA /* View */,
			);
			path = "Me(我)";
			sourceTree = "<group>";
		};
		B8693D4F1DB5F1F300C570FA /* Controller */ = {
			isa = PBXGroup;
			children = (
			);
			path = Controller;
			sourceTree = "<group>";
		};
		B8693D501DB5F1F300C570FA /* Model */ = {
			isa = PBXGroup;
			children = (
			);
			path = Model;
			sourceTree = "<group>";
		};
		B8693D511DB5F1F300C570FA /* Other */ = {
			isa = PBXGroup;
			children = (
			);
			path = Other;
			sourceTree = "<group>";
		};
		B8693D521DB5F1F300C570FA /* View */ = {
			isa = PBXGroup;
			children = (
			);
			path = View;
			sourceTree = "<group>";
		};
		B8693D531DB5F1F300C570FA /* New(新帖) */ = {
			isa = PBXGroup;
			children = (
				B8693D701DB5F26100C570FA /* NewViewController.h */,
				B8693D711DB5F26100C570FA /* NewViewController.m */,
				B8693D541DB5F1F300C570FA /* Controller */,
				B8693D551DB5F1F300C570FA /* Model */,
				B8693D561DB5F1F300C570FA /* Other */,
				B8693D571DB5F1F300C570FA /* View */,
			);
			path = "New(新帖)";
			sourceTree = "<group>";
		};
		B8693D541DB5F1F300C570FA /* Controller */ = {
			isa = PBXGroup;
			children = (
				B8091B091DB7B4E8007839CD /* SubTagViewController.h */,
				B8091B0A1DB7B4E8007839CD /* SubTagViewController.m */,
			);
			path = Controller;
			sourceTree = "<group>";
		};
		B8693D551DB5F1F300C570FA /* Model */ = {
			isa = PBXGroup;
			children = (
				B87030651DB7C1C90018D6E5 /* SubTagModel.h */,
				B87030661DB7C1C90018D6E5 /* SubTagModel.m */,
			);
			path = Model;
			sourceTree = "<group>";
		};
		B8693D561DB5F1F300C570FA /* Other */ = {
			isa = PBXGroup;
			children = (
			);
			path = Other;
			sourceTree = "<group>";
		};
		B8693D571DB5F1F300C570FA /* View */ = {
			isa = PBXGroup;
			children = (
				B87030681DB7C3990018D6E5 /* SubTagCell.h */,
				B87030691DB7C3990018D6E5 /* SubTagCell.m */,
				B870306A1DB7C3990018D6E5 /* SubTagCell.xib */,
			);
			path = View;
			sourceTree = "<group>";
		};
		B8693D581DB5F1F300C570FA /* Other(其他) */ = {
			isa = PBXGroup;
			children = (
				B8693D591DB5F1F300C570FA /* Controller */,
				B8693D5A1DB5F1F300C570FA /* Model */,
				B8693D5B1DB5F1F300C570FA /* Other */,
				B8693D5C1DB5F1F300C570FA /* View */,
			);
			path = "Other(其他)";
			sourceTree = "<group>";
		};
		B8693D591DB5F1F300C570FA /* Controller */ = {
			isa = PBXGroup;
			children = (
				B8693D761DB5F28D00C570FA /* MyTabBarController.h */,
				B8693D771DB5F28D00C570FA /* MyTabBarController.m */,
				B8693D791DB5F2A100C570FA /* MyNavigationController.h */,
				B8693D7A1DB5F2A100C570FA /* MyNavigationController.m */,
			);
			path = Controller;
			sourceTree = "<group>";
		};
		B8693D5A1DB5F1F300C570FA /* Model */ = {
			isa = PBXGroup;
			children = (
				B87030621DB7C1B60018D6E5 /* BaseModel.h */,
				B87030631DB7C1B60018D6E5 /* BaseModel.m */,
			);
			path = Model;
			sourceTree = "<group>";
		};
		B8693D5B1DB5F1F300C570FA /* Other */ = {
			isa = PBXGroup;
			children = (
				B8693D831DB60B0E00C570FA /* BaiSiBuDeJie.pch */,
				B8091B0C1DB7B656007839CD /* HTTPRequestTool.h */,
				B8091B0D1DB7B656007839CD /* HTTPRequestTool.m */,
				B8091B0F1DB7B753007839CD /* NotificationAndConstant.h */,
				B8091B101DB7B753007839CD /* NotificationAndConstant.m */,
			);
			path = Other;
			sourceTree = "<group>";
		};
		B8693D5C1DB5F1F300C570FA /* View */ = {
			isa = PBXGroup;
			children = (
				B8693D7F1DB6088500C570FA /* Category */,
				B8693D7C1DB6042900C570FA /* MyTabBar.h */,
				B8693D7D1DB6042900C570FA /* MyTabBar.m */,
			);
			path = View;
			sourceTree = "<group>";
		};
		B8693D5D1DB5F1F300C570FA /* Publish(发布) */ = {
			isa = PBXGroup;
			children = (
				B8693D731DB5F26F00C570FA /* PublishViewController.h */,
				B8693D741DB5F26F00C570FA /* PublishViewController.m */,
				B8693D5E1DB5F1F300C570FA /* Controller */,
				B8693D5F1DB5F1F300C570FA /* Model */,
				B8693D601DB5F1F300C570FA /* Other */,
				B8693D611DB5F1F300C570FA /* View */,
			);
			path = "Publish(发布)";
			sourceTree = "<group>";
		};
		B8693D5E1DB5F1F300C570FA /* Controller */ = {
			isa = PBXGroup;
			children = (
			);
			path = Controller;
			sourceTree = "<group>";
		};
		B8693D5F1DB5F1F300C570FA /* Model */ = {
			isa = PBXGroup;
			children = (
			);
			path = Model;
			sourceTree = "<group>";
		};
		B8693D601DB5F1F300C570FA /* Other */ = {
			isa = PBXGroup;
			children = (
			);
			path = Other;
			sourceTree = "<group>";
		};
		B8693D611DB5F1F300C570FA /* View */ = {
			isa = PBXGroup;
			children = (
			);
			path = View;
			sourceTree = "<group>";
		};
		B8693D621DB5F1F300C570FA /* ThirdPart(第三方) */ = {
			isa = PBXGroup;
			children = (
				B8693D631DB5F1F300C570FA /* Controller */,
				B8693D641DB5F1F300C570FA /* Model */,
				B8693D651DB5F1F300C570FA /* Other */,
				B8693D661DB5F1F300C570FA /* View */,
			);
			path = "ThirdPart(第三方)";
			sourceTree = "<group>";
		};
		B8693D631DB5F1F300C570FA /* Controller */ = {
			isa = PBXGroup;
			children = (
			);
			path = Controller;
			sourceTree = "<group>";
		};
		B8693D641DB5F1F300C570FA /* Model */ = {
			isa = PBXGroup;
			children = (
			);
			path = Model;
			sourceTree = "<group>";
		};
		B8693D651DB5F1F300C570FA /* Other */ = {
			isa = PBXGroup;
			children = (
			);
			path = Other;
			sourceTree = "<group>";
		};
		B8693D661DB5F1F300C570FA /* View */ = {
			isa = PBXGroup;
			children = (
			);
			path = View;
			sourceTree = "<group>";
		};
		B8693D7F1DB6088500C570FA /* Category */ = {
			isa = PBXGroup;
			children = (
				B8693D801DB6089800C570FA /* UIView+Size.h */,
				B8693D811DB6089800C570FA /* UIView+Size.m */,
				B8693D841DB6560500C570FA /* UIBarButtonItem+Item.h */,
				B8693D851DB6560500C570FA /* UIBarButtonItem+Item.m */,
			);
			path = Category;
			sourceTree = "<group>";
		};
		B8693D871DB6785200C570FA /* Setting(设置) */ = {
			isa = PBXGroup;
			children = (
				B8693D8C1DB6787A00C570FA /* SettingViewController.h */,
				B8693D8D1DB6787A00C570FA /* SettingViewController.m */,
				B8693D881DB6785200C570FA /* Controller */,
				B8693D891DB6785200C570FA /* Model */,
				B8693D8A1DB6785200C570FA /* Other */,
				B8693D8B1DB6785200C570FA /* View */,
			);
			path = "Setting(设置)";
			sourceTree = "<group>";
		};
		B8693D881DB6785200C570FA /* Controller */ = {
			isa = PBXGroup;
			children = (
			);
			path = Controller;
			sourceTree = "<group>";
		};
		B8693D891DB6785200C570FA /* Model */ = {
			isa = PBXGroup;
			children = (
			);
			path = Model;
			sourceTree = "<group>";
		};
		B8693D8A1DB6785200C570FA /* Other */ = {
			isa = PBXGroup;
			children = (
			);
			path = Other;
			sourceTree = "<group>";
		};
		B8693D8B1DB6785200C570FA /* View */ = {
			isa = PBXGroup;
			children = (
			);
			path = View;
			sourceTree = "<group>";
		};
		B88742941DB724BB00C84D4F /* AD(广告) */ = {
			isa = PBXGroup;
			children = (
				B88742951DB724BB00C84D4F /* Controller */,
				B88742961DB724BB00C84D4F /* Model */,
				B88742971DB724BB00C84D4F /* Other */,
				B88742981DB724BB00C84D4F /* View */,
			);
			path = "AD(广告)";
			sourceTree = "<group>";
		};
		B88742951DB724BB00C84D4F /* Controller */ = {
			isa = PBXGroup;
			children = (
				B88742991DB725AD00C84D4F /* AdViewController.h */,
				B887429A1DB725AD00C84D4F /* AdViewController.m */,
				B887429C1DB725D900C84D4F /* AdViewController.xib */,
			);
			path = Controller;
			sourceTree = "<group>";
		};
		B88742961DB724BB00C84D4F /* Model */ = {
			isa = PBXGroup;
			children = (
			);
			path = Model;
			sourceTree = "<group>";
		};
		B88742971DB724BB00C84D4F /* Other */ = {
			isa = PBXGroup;
			children = (
			);
			path = Other;
			sourceTree = "<group>";
		};
		B88742981DB724BB00C84D4F /* View */ = {
			isa = PBXGroup;
			children = (
			);
			path = View;
			sourceTree = "<group>";
		};
		B887429E1DB7344300C84D4F /* 启动图片 */ = {
			isa = PBXGroup;
			children = (
				B887429F1DB7344300C84D4F /* LaunchImage-568h@2x.png */,
				B88742A01DB7344300C84D4F /* LaunchImage-700-568h@2x.png */,
				B88742A11DB7344300C84D4F /* LaunchImage-700@2x.png */,
				B88742A21DB7344300C84D4F /* LaunchImage-800-667h@2x.png */,
				B88742A31DB7344300C84D4F /* LaunchImage-800-Portrait-736h@3x.png */,
				B88742A41DB7344300C84D4F /* LaunchImage.png */,
				B88742A51DB7344300C84D4F /* LaunchImage@2x.png */,
			);
			path = "启动图片";
			sourceTree = "<group>";
		};
/* End PBXGroup section */

/* Begin PBXNativeTarget section */
		B8693D0C1DB5E58100C570FA /* BaiSiBuDeJie */ = {
			isa = PBXNativeTarget;
			buildConfigurationList = B8693D3A1DB5E58200C570FA /* Build configuration list for PBXNativeTarget "BaiSiBuDeJie" */;
			buildPhases = (
				C4F849E1DA3A2D9251BDFE0D /* [CP] Check Pods Manifest.lock */,
				B8693D091DB5E58100C570FA /* Sources */,
				B8693D0A1DB5E58100C570FA /* Frameworks */,
				B8693D0B1DB5E58100C570FA /* Resources */,
				81369061D4E91CFD258B76CF /* [CP] Embed Pods Frameworks */,
				D7F09D8F6623AFF617412784 /* [CP] Copy Pods Resources */,
			);
			buildRules = (
			);
			dependencies = (
			);
			name = BaiSiBuDeJie;
			productName = BaiSiBuDeJie;
			productReference = B8693D0D1DB5E58100C570FA /* BaiSiBuDeJie.app */;
			productType = "com.apple.product-type.application";
		};
		B8693D251DB5E58100C570FA /* BaiSiBuDeJieTests */ = {
			isa = PBXNativeTarget;
			buildConfigurationList = B8693D3D1DB5E58200C570FA /* Build configuration list for PBXNativeTarget "BaiSiBuDeJieTests" */;
			buildPhases = (
				D80BBCAEBE861052977CAB4B /* [CP] Check Pods Manifest.lock */,
				B8693D221DB5E58100C570FA /* Sources */,
				B8693D231DB5E58100C570FA /* Frameworks */,
				B8693D241DB5E58100C570FA /* Resources */,
				7AE79640E08D13F50D0BC5D2 /* [CP] Embed Pods Frameworks */,
				7F39506F60ED676B268A6893 /* [CP] Copy Pods Resources */,
			);
			buildRules = (
			);
			dependencies = (
				B8693D281DB5E58100C570FA /* PBXTargetDependency */,
			);
			name = BaiSiBuDeJieTests;
			productName = BaiSiBuDeJieTests;
			productReference = B8693D261DB5E58100C570FA /* BaiSiBuDeJieTests.xctest */;
			productType = "com.apple.product-type.bundle.unit-test";
		};
		B8693D301DB5E58100C570FA /* BaiSiBuDeJieUITests */ = {
			isa = PBXNativeTarget;
			buildConfigurationList = B8693D401DB5E58200C570FA /* Build configuration list for PBXNativeTarget "BaiSiBuDeJieUITests" */;
			buildPhases = (
				4EE6E477759783DFFF594807 /* [CP] Check Pods Manifest.lock */,
				B8693D2D1DB5E58100C570FA /* Sources */,
				B8693D2E1DB5E58100C570FA /* Frameworks */,
				B8693D2F1DB5E58100C570FA /* Resources */,
				2B401D38B918A841CC296A1A /* [CP] Copy Pods Resources */,
			);
			buildRules = (
			);
			dependencies = (
				B8693D331DB5E58100C570FA /* PBXTargetDependency */,
			);
			name = BaiSiBuDeJieUITests;
			productName = BaiSiBuDeJieUITests;
			productReference = B8693D311DB5E58100C570FA /* BaiSiBuDeJieUITests.xctest */;
			productType = "com.apple.product-type.bundle.ui-testing";
		};
/* End PBXNativeTarget section */

/* Begin PBXProject section */
		B8693D051DB5E58100C570FA /* Project object */ = {
			isa = PBXProject;
			attributes = {
				LastUpgradeCheck = 0710;
				ORGANIZATIONNAME = YF;
				TargetAttributes = {
					B8693D0C1DB5E58100C570FA = {
						CreatedOnToolsVersion = 7.1;
					};
					B8693D251DB5E58100C570FA = {
						CreatedOnToolsVersion = 7.1;
						TestTargetID = B8693D0C1DB5E58100C570FA;
					};
					B8693D301DB5E58100C570FA = {
						CreatedOnToolsVersion = 7.1;
						TestTargetID = B8693D0C1DB5E58100C570FA;
					};
				};
			};
			buildConfigurationList = B8693D081DB5E58100C570FA /* Build configuration list for PBXProject "BaiSiBuDeJie" */;
			compatibilityVersion = "Xcode 3.2";
			developmentRegion = English;
			hasScannedForEncodings = 0;
			knownRegions = (
				en,
				Base,
			);
			mainGroup = B8693D041DB5E58100C570FA;
			productRefGroup = B8693D0E1DB5E58100C570FA /* Products */;
			projectDirPath = "";
			projectRoot = "";
			targets = (
				B8693D0C1DB5E58100C570FA /* BaiSiBuDeJie */,
				B8693D251DB5E58100C570FA /* BaiSiBuDeJieTests */,
				B8693D301DB5E58100C570FA /* BaiSiBuDeJieUITests */,
			);
		};
/* End PBXProject section */

/* Begin PBXResourcesBuildPhase section */
		B8693D0B1DB5E58100C570FA /* Resources */ = {
			isa = PBXResourcesBuildPhase;
			buildActionMask = 2147483647;
			files = (
				B8C364DC1DB8681C0018A472 /* FriendTrendViewController.xib in Resources */,
				B870306C1DB7C3990018D6E5 /* SubTagCell.xib in Resources */,
				B8693D201DB5E58100C570FA /* LaunchScreen.storyboard in Resources */,
				B88742AA1DB7344300C84D4F /* LaunchImage-800-Portrait-736h@3x.png in Resources */,
				B887429D1DB725D900C84D4F /* AdViewController.xib in Resources */,
				B88742AC1DB7344300C84D4F /* LaunchImage@2x.png in Resources */,
				B88742A71DB7344300C84D4F /* LaunchImage-700-568h@2x.png in Resources */,
				B88742A91DB7344300C84D4F /* LaunchImage-800-667h@2x.png in Resources */,
				B88742A61DB7344300C84D4F /* LaunchImage-568h@2x.png in Resources */,
				B88742AB1DB7344300C84D4F /* LaunchImage.png in Resources */,
				B8693D1D1DB5E58100C570FA /* Assets.xcassets in Resources */,
				B88742A81DB7344300C84D4F /* LaunchImage-700@2x.png in Resources */,
				B8693D1B1DB5E58100C570FA /* Main.storyboard in Resources */,
			);
			runOnlyForDeploymentPostprocessing = 0;
		};
		B8693D241DB5E58100C570FA /* Resources */ = {
			isa = PBXResourcesBuildPhase;
			buildActionMask = 2147483647;
			files = (
			);
			runOnlyForDeploymentPostprocessing = 0;
		};
		B8693D2F1DB5E58100C570FA /* Resources */ = {
			isa = PBXResourcesBuildPhase;
			buildActionMask = 2147483647;
			files = (
			);
			runOnlyForDeploymentPostprocessing = 0;
		};
/* End PBXResourcesBuildPhase section */

/* Begin PBXShellScriptBuildPhase section */
		2B401D38B918A841CC296A1A /* [CP] Copy Pods Resources */ = {
			isa = PBXShellScriptBuildPhase;
			buildActionMask = 2147483647;
			files = (
			);
			inputPaths = (
			);
			name = "[CP] Copy Pods Resources";
			outputPaths = (
			);
			runOnlyForDeploymentPostprocessing = 0;
			shellPath = /bin/sh;
			shellScript = "\"${SRCROOT}/Pods/Target Support Files/Pods-BaiSiBuDeJieUITests/Pods-BaiSiBuDeJieUITests-resources.sh\"\n";
			showEnvVarsInLog = 0;
		};
		4EE6E477759783DFFF594807 /* [CP] Check Pods Manifest.lock */ = {
			isa = PBXShellScriptBuildPhase;
			buildActionMask = 2147483647;
			files = (
			);
			inputPaths = (
			);
			name = "[CP] Check Pods Manifest.lock";
			outputPaths = (
			);
			runOnlyForDeploymentPostprocessing = 0;
			shellPath = /bin/sh;
			shellScript = "diff \"${PODS_ROOT}/../Podfile.lock\" \"${PODS_ROOT}/Manifest.lock\" > /dev/null\nif [[ $? != 0 ]] ; then\n    cat << EOM\nerror: The sandbox is not in sync with the Podfile.lock. Run 'pod install' or update your CocoaPods installation.\nEOM\n    exit 1\nfi\n";
			showEnvVarsInLog = 0;
		};
		7AE79640E08D13F50D0BC5D2 /* [CP] Embed Pods Frameworks */ = {
			isa = PBXShellScriptBuildPhase;
			buildActionMask = 2147483647;
			files = (
			);
			inputPaths = (
			);
			name = "[CP] Embed Pods Frameworks";
			outputPaths = (
			);
			runOnlyForDeploymentPostprocessing = 0;
			shellPath = /bin/sh;
			shellScript = "\"${SRCROOT}/Pods/Target Support Files/Pods-BaiSiBuDeJieTests/Pods-BaiSiBuDeJieTests-frameworks.sh\"\n";
			showEnvVarsInLog = 0;
		};
		7F39506F60ED676B268A6893 /* [CP] Copy Pods Resources */ = {
			isa = PBXShellScriptBuildPhase;
			buildActionMask = 2147483647;
			files = (
			);
			inputPaths = (
			);
			name = "[CP] Copy Pods Resources";
			outputPaths = (
			);
			runOnlyForDeploymentPostprocessing = 0;
			shellPath = /bin/sh;
			shellScript = "\"${SRCROOT}/Pods/Target Support Files/Pods-BaiSiBuDeJieTests/Pods-BaiSiBuDeJieTests-resources.sh\"\n";
			showEnvVarsInLog = 0;
		};
		81369061D4E91CFD258B76CF /* [CP] Embed Pods Frameworks */ = {
			isa = PBXShellScriptBuildPhase;
			buildActionMask = 2147483647;
			files = (
			);
			inputPaths = (
			);
			name = "[CP] Embed Pods Frameworks";
			outputPaths = (
			);
			runOnlyForDeploymentPostprocessing = 0;
			shellPath = /bin/sh;
			shellScript = "\"${SRCROOT}/Pods/Target Support Files/Pods-BaiSiBuDeJie/Pods-BaiSiBuDeJie-frameworks.sh\"\n";
			showEnvVarsInLog = 0;
		};
		C4F849E1DA3A2D9251BDFE0D /* [CP] Check Pods Manifest.lock */ = {
			isa = PBXShellScriptBuildPhase;
			buildActionMask = 2147483647;
			files = (
			);
			inputPaths = (
			);
			name = "[CP] Check Pods Manifest.lock";
			outputPaths = (
			);
			runOnlyForDeploymentPostprocessing = 0;
			shellPath = /bin/sh;
			shellScript = "diff \"${PODS_ROOT}/../Podfile.lock\" \"${PODS_ROOT}/Manifest.lock\" > /dev/null\nif [[ $? != 0 ]] ; then\n    cat << EOM\nerror: The sandbox is not in sync with the Podfile.lock. Run 'pod install' or update your CocoaPods installation.\nEOM\n    exit 1\nfi\n";
			showEnvVarsInLog = 0;
		};
		D7F09D8F6623AFF617412784 /* [CP] Copy Pods Resources */ = {
			isa = PBXShellScriptBuildPhase;
			buildActionMask = 2147483647;
			files = (
			);
			inputPaths = (
			);
			name = "[CP] Copy Pods Resources";
			outputPaths = (
			);
			runOnlyForDeploymentPostprocessing = 0;
			shellPath = /bin/sh;
			shellScript = "\"${SRCROOT}/Pods/Target Support Files/Pods-BaiSiBuDeJie/Pods-BaiSiBuDeJie-resources.sh\"\n";
			showEnvVarsInLog = 0;
		};
		D80BBCAEBE861052977CAB4B /* [CP] Check Pods Manifest.lock */ = {
			isa = PBXShellScriptBuildPhase;
			buildActionMask = 2147483647;
			files = (
			);
			inputPaths = (
			);
			name = "[CP] Check Pods Manifest.lock";
			outputPaths = (
			);
			runOnlyForDeploymentPostprocessing = 0;
			shellPath = /bin/sh;
			shellScript = "diff \"${PODS_ROOT}/../Podfile.lock\" \"${PODS_ROOT}/Manifest.lock\" > /dev/null\nif [[ $? != 0 ]] ; then\n    cat << EOM\nerror: The sandbox is not in sync with the Podfile.lock. Run 'pod install' or update your CocoaPods installation.\nEOM\n    exit 1\nfi\n";
			showEnvVarsInLog = 0;
		};
/* End PBXShellScriptBuildPhase section */

/* Begin PBXSourcesBuildPhase section */
		B8693D091DB5E58100C570FA /* Sources */ = {
			isa = PBXSourcesBuildPhase;
			buildActionMask = 2147483647;
			files = (
				B8693D7E1DB6042900C570FA /* MyTabBar.m in Sources */,
				B8693D751DB5F26F00C570FA /* PublishViewController.m in Sources */,
				B8693D721DB5F26100C570FA /* NewViewController.m in Sources */,
				B887429B1DB725AD00C84D4F /* AdViewController.m in Sources */,
				B8693D8E1DB6787A00C570FA /* SettingViewController.m in Sources */,
				B8693D821DB6089800C570FA /* UIView+Size.m in Sources */,
				B8091B0B1DB7B4E8007839CD /* SubTagViewController.m in Sources */,
				B87030671DB7C1C90018D6E5 /* SubTagModel.m in Sources */,
				B8693D781DB5F28D00C570FA /* MyTabBarController.m in Sources */,
				B8693D6F1DB5F25700C570FA /* MeViewController.m in Sources */,
				B8091B0E1DB7B656007839CD /* HTTPRequestTool.m in Sources */,
				B8693D181DB5E58100C570FA /* ViewController.m in Sources */,
				B8693D861DB6560500C570FA /* UIBarButtonItem+Item.m in Sources */,
				B8091B111DB7B753007839CD /* NotificationAndConstant.m in Sources */,
				B8693D151DB5E58100C570FA /* AppDelegate.m in Sources */,
				B8693D121DB5E58100C570FA /* main.m in Sources */,
				B8693D691DB5F23B00C570FA /* EssenceViewController.m in Sources */,
				B8693D6C1DB5F24B00C570FA /* FriendTrendViewController.m in Sources */,
				B870306B1DB7C3990018D6E5 /* SubTagCell.m in Sources */,
				B87030641DB7C1B60018D6E5 /* BaseModel.m in Sources */,
				B8693D7B1DB5F2A100C570FA /* MyNavigationController.m in Sources */,
			);
			runOnlyForDeploymentPostprocessing = 0;
		};
		B8693D221DB5E58100C570FA /* Sources */ = {
			isa = PBXSourcesBuildPhase;
			buildActionMask = 2147483647;
			files = (
				B8693D2B1DB5E58100C570FA /* BaiSiBuDeJieTests.m in Sources */,
			);
			runOnlyForDeploymentPostprocessing = 0;
		};
		B8693D2D1DB5E58100C570FA /* Sources */ = {
			isa = PBXSourcesBuildPhase;
			buildActionMask = 2147483647;
			files = (
				B8693D361DB5E58200C570FA /* BaiSiBuDeJieUITests.m in Sources */,
			);
			runOnlyForDeploymentPostprocessing = 0;
		};
/* End PBXSourcesBuildPhase section */

/* Begin PBXTargetDependency section */
		B8693D281DB5E58100C570FA /* PBXTargetDependency */ = {
			isa = PBXTargetDependency;
			target = B8693D0C1DB5E58100C570FA /* BaiSiBuDeJie */;
			targetProxy = B8693D271DB5E58100C570FA /* PBXContainerItemProxy */;
		};
		B8693D331DB5E58100C570FA /* PBXTargetDependency */ = {
			isa = PBXTargetDependency;
			target = B8693D0C1DB5E58100C570FA /* BaiSiBuDeJie */;
			targetProxy = B8693D321DB5E58100C570FA /* PBXContainerItemProxy */;
		};
/* End PBXTargetDependency section */

/* Begin PBXVariantGroup section */
		B8693D191DB5E58100C570FA /* Main.storyboard */ = {
			isa = PBXVariantGroup;
			children = (
				B8693D1A1DB5E58100C570FA /* Base */,
			);
			name = Main.storyboard;
			sourceTree = "<group>";
		};
		B8693D1E1DB5E58100C570FA /* LaunchScreen.storyboard */ = {
			isa = PBXVariantGroup;
			children = (
				B8693D1F1DB5E58100C570FA /* Base */,
			);
			name = LaunchScreen.storyboard;
			sourceTree = "<group>";
		};
/* End PBXVariantGroup section */

/* Begin XCBuildConfiguration section */
		B8693D381DB5E58200C570FA /* Debug */ = {
			isa = XCBuildConfiguration;
			buildSettings = {
				ALWAYS_SEARCH_USER_PATHS = NO;
				CLANG_CXX_LANGUAGE_STANDARD = "gnu++0x";
				CLANG_CXX_LIBRARY = "libc++";
				CLANG_ENABLE_MODULES = YES;
				CLANG_ENABLE_OBJC_ARC = YES;
				CLANG_WARN_BOOL_CONVERSION = YES;
				CLANG_WARN_CONSTANT_CONVERSION = YES;
				CLANG_WARN_DIRECT_OBJC_ISA_USAGE = YES_ERROR;
				CLANG_WARN_EMPTY_BODY = YES;
				CLANG_WARN_ENUM_CONVERSION = YES;
				CLANG_WARN_INT_CONVERSION = YES;
				CLANG_WARN_OBJC_ROOT_CLASS = YES_ERROR;
				CLANG_WARN_UNREACHABLE_CODE = YES;
				CLANG_WARN__DUPLICATE_METHOD_MATCH = YES;
				"CODE_SIGN_IDENTITY[sdk=iphoneos*]" = "iPhone Developer";
				COPY_PHASE_STRIP = NO;
				DEBUG_INFORMATION_FORMAT = dwarf;
				ENABLE_STRICT_OBJC_MSGSEND = YES;
				ENABLE_TESTABILITY = YES;
				GCC_C_LANGUAGE_STANDARD = gnu99;
				GCC_DYNAMIC_NO_PIC = NO;
				GCC_NO_COMMON_BLOCKS = YES;
				GCC_OPTIMIZATION_LEVEL = 0;
				GCC_PREPROCESSOR_DEFINITIONS = (
					"DEBUG=1",
					"$(inherited)",
				);
				GCC_WARN_64_TO_32_BIT_CONVERSION = YES;
				GCC_WARN_ABOUT_RETURN_TYPE = YES_ERROR;
				GCC_WARN_UNDECLARED_SELECTOR = YES;
				GCC_WARN_UNINITIALIZED_AUTOS = YES_AGGRESSIVE;
				GCC_WARN_UNUSED_FUNCTION = YES;
				GCC_WARN_UNUSED_VARIABLE = YES;
				IPHONEOS_DEPLOYMENT_TARGET = 9.1;
				MTL_ENABLE_DEBUG_INFO = YES;
				ONLY_ACTIVE_ARCH = YES;
				SDKROOT = iphoneos;
			};
			name = Debug;
		};
		B8693D391DB5E58200C570FA /* Release */ = {
			isa = XCBuildConfiguration;
			buildSettings = {
				ALWAYS_SEARCH_USER_PATHS = NO;
				CLANG_CXX_LANGUAGE_STANDARD = "gnu++0x";
				CLANG_CXX_LIBRARY = "libc++";
				CLANG_ENABLE_MODULES = YES;
				CLANG_ENABLE_OBJC_ARC = YES;
				CLANG_WARN_BOOL_CONVERSION = YES;
				CLANG_WARN_CONSTANT_CONVERSION = YES;
				CLANG_WARN_DIRECT_OBJC_ISA_USAGE = YES_ERROR;
				CLANG_WARN_EMPTY_BODY = YES;
				CLANG_WARN_ENUM_CONVERSION = YES;
				CLANG_WARN_INT_CONVERSION = YES;
				CLANG_WARN_OBJC_ROOT_CLASS = YES_ERROR;
				CLANG_WARN_UNREACHABLE_CODE = YES;
				CLANG_WARN__DUPLICATE_METHOD_MATCH = YES;
				"CODE_SIGN_IDENTITY[sdk=iphoneos*]" = "iPhone Developer";
				COPY_PHASE_STRIP = NO;
				DEBUG_INFORMATION_FORMAT = "dwarf-with-dsym";
				ENABLE_NS_ASSERTIONS = NO;
				ENABLE_STRICT_OBJC_MSGSEND = YES;
				GCC_C_LANGUAGE_STANDARD = gnu99;
				GCC_NO_COMMON_BLOCKS = YES;
				GCC_WARN_64_TO_32_BIT_CONVERSION = YES;
				GCC_WARN_ABOUT_RETURN_TYPE = YES_ERROR;
				GCC_WARN_UNDECLARED_SELECTOR = YES;
				GCC_WARN_UNINITIALIZED_AUTOS = YES_AGGRESSIVE;
				GCC_WARN_UNUSED_FUNCTION = YES;
				GCC_WARN_UNUSED_VARIABLE = YES;
				IPHONEOS_DEPLOYMENT_TARGET = 9.1;
				MTL_ENABLE_DEBUG_INFO = NO;
				SDKROOT = iphoneos;
				VALIDATE_PRODUCT = YES;
			};
			name = Release;
		};
		B8693D3B1DB5E58200C570FA /* Debug */ = {
			isa = XCBuildConfiguration;
			baseConfigurationReference = CC88712036D496DC49B7CCAF /* Pods-BaiSiBuDeJie.debug.xcconfig */;
			buildSettings = {
				ASSETCATALOG_COMPILER_APPICON_NAME = AppIcon;
				ASSETCATALOG_COMPILER_LAUNCHIMAGE_NAME = LaunchImage;
				GCC_PRECOMPILE_PREFIX_HEADER = YES;
				GCC_PREFIX_HEADER = "/Users/yf/Desktop/百思不得姐/-/BaiSiBuDeJie/BaiSiBuDeJie/Classes/Other(其他)/Other/BaiSiBuDeJie.pch";
				INFOPLIST_FILE = BaiSiBuDeJie/Info.plist;
				IPHONEOS_DEPLOYMENT_TARGET = 8.0;
				LD_RUNPATH_SEARCH_PATHS = "$(inherited) @executable_path/Frameworks";
				PRODUCT_BUNDLE_IDENTIFIER = yangfan.BaiSiBuDeJie;
				PRODUCT_NAME = "$(TARGET_NAME)";
			};
			name = Debug;
		};
		B8693D3C1DB5E58200C570FA /* Release */ = {
			isa = XCBuildConfiguration;
			baseConfigurationReference = FDF4A177DDEBE12F9A321085 /* Pods-BaiSiBuDeJie.release.xcconfig */;
			buildSettings = {
				ASSETCATALOG_COMPILER_APPICON_NAME = AppIcon;
				ASSETCATALOG_COMPILER_LAUNCHIMAGE_NAME = LaunchImage;
				GCC_PRECOMPILE_PREFIX_HEADER = YES;
				GCC_PREFIX_HEADER = "/Users/yf/Desktop/百思不得姐/-/BaiSiBuDeJie/BaiSiBuDeJie/Classes/Other(其他)/Other/BaiSiBuDeJie.pch";
				INFOPLIST_FILE = BaiSiBuDeJie/Info.plist;
				IPHONEOS_DEPLOYMENT_TARGET = 8.0;
				LD_RUNPATH_SEARCH_PATHS = "$(inherited) @executable_path/Frameworks";
				PRODUCT_BUNDLE_IDENTIFIER = yangfan.BaiSiBuDeJie;
				PRODUCT_NAME = "$(TARGET_NAME)";
			};
			name = Release;
		};
		B8693D3E1DB5E58200C570FA /* Debug */ = {
			isa = XCBuildConfiguration;
			baseConfigurationReference = 055CA09E4DE558A63B88DE9D /* Pods-BaiSiBuDeJieTests.debug.xcconfig */;
			buildSettings = {
				BUNDLE_LOADER = "$(TEST_HOST)";
				INFOPLIST_FILE = BaiSiBuDeJieTests/Info.plist;
				LD_RUNPATH_SEARCH_PATHS = "$(inherited) @executable_path/Frameworks @loader_path/Frameworks";
				PRODUCT_BUNDLE_IDENTIFIER = yangfan.BaiSiBuDeJieTests;
				PRODUCT_NAME = "$(TARGET_NAME)";
				TEST_HOST = "$(BUILT_PRODUCTS_DIR)/BaiSiBuDeJie.app/BaiSiBuDeJie";
			};
			name = Debug;
		};
		B8693D3F1DB5E58200C570FA /* Release */ = {
			isa = XCBuildConfiguration;
			baseConfigurationReference = 4DEC1831F603B8B57F803451 /* Pods-BaiSiBuDeJieTests.release.xcconfig */;
			buildSettings = {
				BUNDLE_LOADER = "$(TEST_HOST)";
				INFOPLIST_FILE = BaiSiBuDeJieTests/Info.plist;
				LD_RUNPATH_SEARCH_PATHS = "$(inherited) @executable_path/Frameworks @loader_path/Frameworks";
				PRODUCT_BUNDLE_IDENTIFIER = yangfan.BaiSiBuDeJieTests;
				PRODUCT_NAME = "$(TARGET_NAME)";
				TEST_HOST = "$(BUILT_PRODUCTS_DIR)/BaiSiBuDeJie.app/BaiSiBuDeJie";
			};
			name = Release;
		};
		B8693D411DB5E58200C570FA /* Debug */ = {
			isa = XCBuildConfiguration;
			baseConfigurationReference = A5B8EC20B72764F2C1710BDF /* Pods-BaiSiBuDeJieUITests.debug.xcconfig */;
			buildSettings = {
				INFOPLIST_FILE = BaiSiBuDeJieUITests/Info.plist;
				LD_RUNPATH_SEARCH_PATHS = "$(inherited) @executable_path/Frameworks @loader_path/Frameworks";
				PRODUCT_BUNDLE_IDENTIFIER = yangfan.BaiSiBuDeJieUITests;
				PRODUCT_NAME = "$(TARGET_NAME)";
				TEST_TARGET_NAME = BaiSiBuDeJie;
				USES_XCTRUNNER = YES;
			};
			name = Debug;
		};
		B8693D421DB5E58200C570FA /* Release */ = {
			isa = XCBuildConfiguration;
			baseConfigurationReference = 11BBB7467E1BCB99FBC839BA /* Pods-BaiSiBuDeJieUITests.release.xcconfig */;
			buildSettings = {
				INFOPLIST_FILE = BaiSiBuDeJieUITests/Info.plist;
				LD_RUNPATH_SEARCH_PATHS = "$(inherited) @executable_path/Frameworks @loader_path/Frameworks";
				PRODUCT_BUNDLE_IDENTIFIER = yangfan.BaiSiBuDeJieUITests;
				PRODUCT_NAME = "$(TARGET_NAME)";
				TEST_TARGET_NAME = BaiSiBuDeJie;
				USES_XCTRUNNER = YES;
			};
			name = Release;
		};
/* End XCBuildConfiguration section */

/* Begin XCConfigurationList section */
		B8693D081DB5E58100C570FA /* Build configuration list for PBXProject "BaiSiBuDeJie" */ = {
			isa = XCConfigurationList;
			buildConfigurations = (
				B8693D381DB5E58200C570FA /* Debug */,
				B8693D391DB5E58200C570FA /* Release */,
			);
			defaultConfigurationIsVisible = 0;
			defaultConfigurationName = Release;
		};
		B8693D3A1DB5E58200C570FA /* Build configuration list for PBXNativeTarget "BaiSiBuDeJie" */ = {
			isa = XCConfigurationList;
			buildConfigurations = (
				B8693D3B1DB5E58200C570FA /* Debug */,
				B8693D3C1DB5E58200C570FA /* Release */,
			);
			defaultConfigurationIsVisible = 0;
			defaultConfigurationName = Release;
		};
		B8693D3D1DB5E58200C570FA /* Build configuration list for PBXNativeTarget "BaiSiBuDeJieTests" */ = {
			isa = XCConfigurationList;
			buildConfigurations = (
				B8693D3E1DB5E58200C570FA /* Debug */,
				B8693D3F1DB5E58200C570FA /* Release */,
			);
			defaultConfigurationIsVisible = 0;
			defaultConfigurationName = Release;
		};
		B8693D401DB5E58200C570FA /* Build configuration list for PBXNativeTarget "BaiSiBuDeJieUITests" */ = {
			isa = XCConfigurationList;
			buildConfigurations = (
				B8693D411DB5E58200C570FA /* Debug */,
				B8693D421DB5E58200C570FA /* Release */,
			);
			defaultConfigurationIsVisible = 0;
			defaultConfigurationName = Release;
		};
/* End XCConfigurationList section */
	};
	rootObject = B8693D051DB5E58100C570FA /* Project object */;
}
